{
    "version": "0.5",
    "requires": [
        "vulkan-headers/1.4.357.0#1a38d7d226af6397679de25505ea13a9%1789470998.122",
        "volk/1.4.357.0#4469847ca407a836f5927bbecacad8bf%1789470996.207",
        "catch2/3.4.0#f66109133591e5dac29511b9e09a6b57%1726584455.883"
    ],
    "build_requires": [],
    "python_requires": [],
    "config_requires": []
}